
Microsoft Visual Studio Solution File, Format Version 12.00
# Visual Studio Version 17
VisualStudioVersion = 17.2.32526.322
MinimumVisualStudioVersion = 10.0.40219.1
Project("{9A19103F-16F7-4668-BE54-9A1E7A4F7556}") = "Task6And8-1", "..\Task 6, 8_1\Task6And8-1.csproj", "{293CD129-ECB8-4A36-845E-BD73456F4A8E}"
EndProject
Project("{9A19103F-16F7-4668-BE54-9A1E7A4F7556}") = "Task8", "..\Task 8\Task8.csproj", "{B235FDE9-B39A-48D3-8FB6-98E80B8BB12E}"
EndProject
Project("{9A19103F-16F7-4668-BE54-9A1E7A4F7556}") = "ShopProject", "..\Task 1,2, 8_3\ShopProject.csproj", "{102EB617-A98E-4194-859E-6B8B8A8A749A}"
EndProject
Project("{9A19103F-16F7-4668-BE54-9A1E7A4F7556}") = "Task7", "..\Task 7\Task7.csproj", "{B54F9B75-3C21-48A1-8586-C7E18B0A6D0E}"
EndProject
Project("{9A19103F-16F7-4668-BE54-9A1E7A4F7556}") = "Task9", "..\Task 9\Task9.csproj", "{1F69284C-7A9E-45F7-8EA6-DB128D7F3ED7}"
EndProject
Project("{9A19103F-16F7-4668-BE54-9A1E7A4F7556}") = "Task10", "..\Task10\Task10.csproj", "{7E4A3EF0-5467-42CE-9F71-666697369502}"
EndProject
Project("{9A19103F-16F7-4668-BE54-9A1E7A4F7556}") = "Task3And4And5", "..\Task 3,4,5\Task3And4And5.csproj", "{7A3F590C-CEE6-45DF-9C2B-B2F4CDAF32D3}"
EndProject
Global
	GlobalSection(SolutionConfigurationPlatforms) = preSolution
		Debug|Any CPU = Debug|Any CPU
		Release|Any CPU = Release|Any CPU
	EndGlobalSection
	GlobalSection(ProjectConfigurationPlatforms) = postSolution
		{293CD129-ECB8-4A36-845E-BD73456F4A8E}.Debug|Any CPU.ActiveCfg = Debug|Any CPU
		{293CD129-ECB8-4A36-845E-BD73456F4A8E}.Debug|Any CPU.Build.0 = Debug|Any CPU
		{293CD129-ECB8-4A36-845E-BD73456F4A8E}.Release|Any CPU.ActiveCfg = Release|Any CPU
		{293CD129-ECB8-4A36-845E-BD73456F4A8E}.Release|Any CPU.Build.0 = Release|Any CPU
		{B235FDE9-B39A-48D3-8FB6-98E80B8BB12E}.Debug|Any CPU.ActiveCfg = Debug|Any CPU
		{B235FDE9-B39A-48D3-8FB6-98E80B8BB12E}.Debug|Any CPU.Build.0 = Debug|Any CPU
		{B235FDE9-B39A-48D3-8FB6-98E80B8BB12E}.Release|Any CPU.ActiveCfg = Release|Any CPU
		{B235FDE9-B39A-48D3-8FB6-98E80B8BB12E}.Release|Any CPU.Build.0 = Release|Any CPU
		{102EB617-A98E-4194-859E-6B8B8A8A749A}.Debug|Any CPU.ActiveCfg = Debug|Any CPU
		{102EB617-A98E-4194-859E-6B8B8A8A749A}.Debug|Any CPU.Build.0 = Debug|Any CPU
		{102EB617-A98E-4194-859E-6B8B8A8A749A}.Release|Any CPU.ActiveCfg = Release|Any CPU
		{102EB617-A98E-4194-859E-6B8B8A8A749A}.Release|Any CPU.Build.0 = Release|Any CPU
		{B54F9B75-3C21-48A1-8586-C7E18B0A6D0E}.Debug|Any CPU.ActiveCfg = Debug|Any CPU
		{B54F9B75-3C21-48A1-8586-C7E18B0A6D0E}.Debug|Any CPU.Build.0 = Debug|Any CPU
		{B54F9B75-3C21-48A1-8586-C7E18B0A6D0E}.Release|Any CPU.ActiveCfg = Release|Any CPU
		{B54F9B75-3C21-48A1-8586-C7E18B0A6D0E}.Release|Any CPU.Build.0 = Release|Any CPU
		{1F69284C-7A9E-45F7-8EA6-DB128D7F3ED7}.Debug|Any CPU.ActiveCfg = Debug|Any CPU
		{1F69284C-7A9E-45F7-8EA6-DB128D7F3ED7}.Debug|Any CPU.Build.0 = Debug|Any CPU
		{1F69284C-7A9E-45F7-8EA6-DB128D7F3ED7}.Release|Any CPU.ActiveCfg = Release|Any CPU
		{1F69284C-7A9E-45F7-8EA6-DB128D7F3ED7}.Release|Any CPU.Build.0 = Release|Any CPU
		{7E4A3EF0-5467-42CE-9F71-666697369502}.Debug|Any CPU.ActiveCfg = Debug|Any CPU
		{7E4A3EF0-5467-42CE-9F71-666697369502}.Debug|Any CPU.Build.0 = Debug|Any CPU
		{7E4A3EF0-5467-42CE-9F71-666697369502}.Release|Any CPU.ActiveCfg = Release|Any CPU
		{7E4A3EF0-5467-42CE-9F71-666697369502}.Release|Any CPU.Build.0 = Release|Any CPU
		{7A3F590C-CEE6-45DF-9C2B-B2F4CDAF32D3}.Debug|Any CPU.ActiveCfg = Debug|Any CPU
		{7A3F590C-CEE6-45DF-9C2B-B2F4CDAF32D3}.Debug|Any CPU.Build.0 = Debug|Any CPU
		{7A3F590C-CEE6-45DF-9C2B-B2F4CDAF32D3}.Release|Any CPU.ActiveCfg = Release|Any CPU
		{7A3F590C-CEE6-45DF-9C2B-B2F4CDAF32D3}.Release|Any CPU.Build.0 = Release|Any CPU
	EndGlobalSection
	GlobalSection(SolutionProperties) = preSolution
		HideSolutionNode = FALSE
	EndGlobalSection
	GlobalSection(ExtensibilityGlobals) = postSolution
		SolutionGuid = {6C7BDD52-AA7C-49FC-91ED-E866DDD0DCB6}
	EndGlobalSection
EndGlobal
